
Microsoft Visual Studio Solution File, Format Version 12.00
# Visual Studio Version 16
VisualStudioVersion = 16.0.30907.101
MinimumVisualStudioVersion = 10.0.40219.1
Project("{FAE04EC0-301F-11D3-BF4B-00C04F79EFBC}") = "Kira", "Kira\Kira.csproj", "{A13E1DCB-6A21-4A0E-B04F-D74070E54A8F}"
EndProject
Global
	GlobalSection(SolutionConfigurationPlatforms) = preSolution
		Debug|Any CPU = Debug|Any CPU
		Release|Any CPU = Release|Any CPU
	EndGlobalSection
	GlobalSection(ProjectConfigurationPlatforms) = postSolution
		{A13E1DCB-6A21-4A0E-B04F-D74070E54A8F}.Debug|Any CPU.ActiveCfg = Debug|Any CPU
		{A13E1DCB-6A21-4A0E-B04F-D74070E54A8F}.Debug|Any CPU.Build.0 = Debug|Any CPU
		{A13E1DCB-6A21-4A0E-B04F-D74070E54A8F}.Release|Any CPU.ActiveCfg = Release|Any CPU
		{A13E1DCB-6A21-4A0E-B04F-D74070E54A8F}.Release|Any CPU.Build.0 = Release|Any CPU
	EndGlobalSection
	GlobalSection(SolutionProperties) = preSolution
		HideSolutionNode = FALSE
	EndGlobalSection
	GlobalSection(ExtensibilityGlobals) = postSolution
		SolutionGuid = {4C35C83B-DE22-4363-98B0-9311C58488EA}
	EndGlobalSection
EndGlobal
